// !$*UTF8*$!
{
	archiveVersion = 1;
	classes = {
	};
	objectVersion = 55;
	objects = {

/* Begin PBXBuildFile section */
		9E351B912720A7AE0005CC27 /* AppDelegate.swift in Sources */ = {isa = PBXBuildFile; fileRef = 9E351B902720A7AE0005CC27 /* AppDelegate.swift */; };
		9E351B932720A7AE0005CC27 /* SceneDelegate.swift in Sources */ = {isa = PBXBuildFile; fileRef = 9E351B922720A7AE0005CC27 /* SceneDelegate.swift */; };
		9E351B982720A7AE0005CC27 /* Main.storyboard in Resources */ = {isa = PBXBuildFile; fileRef = 9E351B962720A7AE0005CC27 /* Main.storyboard */; };
		9E351B9B2720A7AE0005CC27 /* PokemonGo.xcdatamodeld in Sources */ = {isa = PBXBuildFile; fileRef = 9E351B992720A7AE0005CC27 /* PokemonGo.xcdatamodeld */; };
		9E351B9D2720A7AF0005CC27 /* Assets.xcassets in Resources */ = {isa = PBXBuildFile; fileRef = 9E351B9C2720A7AF0005CC27 /* Assets.xcassets */; };
		9E351BA02720A7AF0005CC27 /* LaunchScreen.storyboard in Resources */ = {isa = PBXBuildFile; fileRef = 9E351B9E2720A7AF0005CC27 /* LaunchScreen.storyboard */; };
		9E39921A2729C60B0006F61E /* CoreDataPokemon.swift in Sources */ = {isa = PBXBuildFile; fileRef = 9E3992192729C60B0006F61E /* CoreDataPokemon.swift */; };
		9E39921C2729D8190006F61E /* PokemonAnnotation.swift in Sources */ = {isa = PBXBuildFile; fileRef = 9E39921B2729D8190006F61E /* PokemonAnnotation.swift */; };
		9E691106272B4600003282A5 /* PokeScheduleViewController.swift in Sources */ = {isa = PBXBuildFile; fileRef = 9E691105272B4600003282A5 /* PokeScheduleViewController.swift */; };
		9E7EFD1027223939004E74A0 /* ViewController.swift in Sources */ = {isa = PBXBuildFile; fileRef = 9E7EFD0F27223939004E74A0 /* ViewController.swift */; };
/* End PBXBuildFile section */

/* Begin PBXFileReference section */
		9E351B8D2720A7AE0005CC27 /* PokemonGo.app */ = {isa = PBXFileReference; explicitFileType = wrapper.application; includeInIndex = 0; name = PokemonGo.app; path = "/Users/rodrigorodrigues/Desktop/Curso Swifit/PokemonGo/build/Debug-iphoneos/PokemonGo.app"; sourceTree = "<absolute>"; };
		9E351B902720A7AE0005CC27 /* AppDelegate.swift */ = {isa = PBXFileReference; lastKnownFileType = sourcecode.swift; path = AppDelegate.swift; sourceTree = "<group>"; };
		9E351B922720A7AE0005CC27 /* SceneDelegate.swift */ = {isa = PBXFileReference; lastKnownFileType = sourcecode.swift; path = SceneDelegate.swift; sourceTree = "<group>"; };
		9E351B972720A7AE0005CC27 /* Base */ = {isa = PBXFileReference; lastKnownFileType = file.storyboard; name = Base; path = Base.lproj/Main.storyboard; sourceTree = "<group>"; };
		9E351B9A2720A7AE0005CC27 /* PokemonGo.xcdatamodel */ = {isa = PBXFileReference; lastKnownFileType = wrapper.xcdatamodel; path = PokemonGo.xcdatamodel; sourceTree = "<group>"; };
		9E351B9C2720A7AF0005CC27 /* Assets.xcassets */ = {isa = PBXFileReference; lastKnownFileType = folder.assetcatalog; path = Assets.xcassets; sourceTree = "<group>"; };
		9E351B9F2720A7AF0005CC27 /* Base */ = {isa = PBXFileReference; lastKnownFileType = file.storyboard; name = Base; path = Base.lproj/LaunchScreen.storyboard; sourceTree = "<group>"; };
		9E351BA12720A7AF0005CC27 /* Info.plist */ = {isa = PBXFileReference; lastKnownFileType = text.plist.xml; path = Info.plist; sourceTree = "<group>"; };
		9E3992192729C60B0006F61E /* CoreDataPokemon.swift */ = {isa = PBXFileReference; lastKnownFileType = sourcecode.swift; path = CoreDataPokemon.swift; sourceTree = "<group>"; };
		9E39921B2729D8190006F61E /* PokemonAnnotation.swift */ = {isa = PBXFileReference; lastKnownFileType = sourcecode.swift; path = PokemonAnnotation.swift; sourceTree = "<group>"; };
		9E691105272B4600003282A5 /* PokeScheduleViewController.swift */ = {isa = PBXFileReference; lastKnownFileType = sourcecode.swift; path = PokeScheduleViewController.swift; sourceTree = "<group>"; };
		9E7EFD0F27223939004E74A0 /* ViewController.swift */ = {isa = PBXFileReference; lastKnownFileType = sourcecode.swift; path = ViewController.swift; sourceTree = "<group>"; };
/* End PBXFileReference section */

/* Begin PBXFrameworksBuildPhase section */
		9E351B8A2720A7AE0005CC27 /* Frameworks */ = {
			isa = PBXFrameworksBuildPhase;
			buildActionMask = 2147483647;
			files = (
			);
			runOnlyForDeploymentPostprocessing = 0;
		};
/* End PBXFrameworksBuildPhase section */

/* Begin PBXGroup section */
		246159072755A3AC00C5C5F5 /* Application */ = {
			isa = PBXGroup;
			children = (
				9E351B902720A7AE0005CC27 /* AppDelegate.swift */,
				9E351B9C2720A7AF0005CC27 /* Assets.xcassets */,
				9E351B992720A7AE0005CC27 /* PokemonGo.xcdatamodeld */,
				9E351B922720A7AE0005CC27 /* SceneDelegate.swift */,
				9E351B9E2720A7AF0005CC27 /* LaunchScreen.storyboard */,
			);
			path = Application;
			sourceTree = "<group>";
		};
		9E351B842720A7AE0005CC27 = {
			isa = PBXGroup;
			children = (
				9E351B8F2720A7AE0005CC27 /* PokemonGo */,
			);
			sourceTree = "<group>";
		};
		9E351B8F2720A7AE0005CC27 /* PokemonGo */ = {
			isa = PBXGroup;
			children = (
				246159072755A3AC00C5C5F5 /* Application */,
				9E7EFD0F27223939004E74A0 /* ViewController.swift */,
				9E3992192729C60B0006F61E /* CoreDataPokemon.swift */,
				9E39921B2729D8190006F61E /* PokemonAnnotation.swift */,
				9E691105272B4600003282A5 /* PokeScheduleViewController.swift */,
				9E351B962720A7AE0005CC27 /* Main.storyboard */,
				9E351BA12720A7AF0005CC27 /* Info.plist */,
			);
			path = PokemonGo;
			sourceTree = "<group>";
		};
/* End PBXGroup section */

/* Begin PBXNativeTarget section */
		9E351B8C2720A7AE0005CC27 /* PokemonGo */ = {
			isa = PBXNativeTarget;
			buildConfigurationList = 9E351BA42720A7AF0005CC27 /* Build configuration list for PBXNativeTarget "PokemonGo" */;
			buildPhases = (
				9E351B892720A7AE0005CC27 /* Sources */,
				9E351B8A2720A7AE0005CC27 /* Frameworks */,
				9E351B8B2720A7AE0005CC27 /* Resources */,
			);
			buildRules = (
			);
			dependencies = (
			);
			name = PokemonGo;
			productName = PokemonGo;
			productReference = 9E351B8D2720A7AE0005CC27 /* PokemonGo.app */;
			productType = "com.apple.product-type.application";
		};
/* End PBXNativeTarget section */

/* Begin PBXProject section */
		9E351B852720A7AE0005CC27 /* Project object */ = {
			isa = PBXProject;
			attributes = {
				BuildIndependentTargetsInParallel = 1;
				LastSwiftUpdateCheck = 1300;
				LastUpgradeCheck = 1300;
				TargetAttributes = {
					9E351B8C2720A7AE0005CC27 = {
						CreatedOnToolsVersion = 13.0;
					};
				};
			};
			buildConfigurationList = 9E351B882720A7AE0005CC27 /* Build configuration list for PBXProject "PokemonGo" */;
			compatibilityVersion = "Xcode 13.0";
			developmentRegion = en;
			hasScannedForEncodings = 0;
			knownRegions = (
				en,
				Base,
			);
			mainGroup = 9E351B842720A7AE0005CC27;
			productRefGroup = 9E351B842720A7AE0005CC27;
			projectDirPath = "";
			projectRoot = "";
			targets = (
				9E351B8C2720A7AE0005CC27 /* PokemonGo */,
			);
		};
/* End PBXProject section */

/* Begin PBXResourcesBuildPhase section */
		9E351B8B2720A7AE0005CC27 /* Resources */ = {
			isa = PBXResourcesBuildPhase;
			buildActionMask = 2147483647;
			files = (
				9E351BA02720A7AF0005CC27 /* LaunchScreen.storyboard in Resources */,
				9E351B9D2720A7AF0005CC27 /* Assets.xcassets in Resources */,
				9E351B982720A7AE0005CC27 /* Main.storyboard in Resources */,
			);
			runOnlyForDeploymentPostprocessing = 0;
		};
/* End PBXResourcesBuildPhase section */

/* Begin PBXSourcesBuildPhase section */
		9E351B892720A7AE0005CC27 /* Sources */ = {
			isa = PBXSourcesBuildPhase;
			buildActionMask = 2147483647;
			files = (
				9E351B9B2720A7AE0005CC27 /* PokemonGo.xcdatamodeld in Sources */,
				9E351B912720A7AE0005CC27 /* AppDelegate.swift in Sources */,
				9E691106272B4600003282A5 /* PokeScheduleViewController.swift in Sources */,
				9E7EFD1027223939004E74A0 /* ViewController.swift in Sources */,
				9E351B932720A7AE0005CC27 /* SceneDelegate.swift in Sources */,
				9E39921C2729D8190006F61E /* PokemonAnnotation.swift in Sources */,
				9E39921A2729C60B0006F61E /* CoreDataPokemon.swift in Sources */,
			);
			runOnlyForDeploymentPostprocessing = 0;
		};
/* End PBXSourcesBuildPhase section */

/* Begin PBXVariantGroup section */
		9E351B962720A7AE0005CC27 /* Main.storyboard */ = {
			isa = PBXVariantGroup;
			children = (
				9E351B972720A7AE0005CC27 /* Base */,
			);
			name = Main.storyboard;
			sourceTree = "<group>";
		};
		9E351B9E2720A7AF0005CC27 /* LaunchScreen.storyboard */ = {
			isa = PBXVariantGroup;
			children = (
				9E351B9F2720A7AF0005CC27 /* Base */,
			);
			name = LaunchScreen.storyboard;
			sourceTree = "<group>";
		};
/* End PBXVariantGroup section */

/* Begin XCBuildConfiguration section */
		9E351BA22720A7AF0005CC27 /* Debug */ = {
			isa = XCBuildConfiguration;
			buildSettings = {
				ALWAYS_SEARCH_USER_PATHS = NO;
				CLANG_ANALYZER_NONNULL = YES;
				CLANG_ANALYZER_NUMBER_OBJECT_CONVERSION = YES_AGGRESSIVE;
				CLANG_CXX_LANGUAGE_STANDARD = "gnu++17";
				CLANG_CXX_LIBRARY = "libc++";
				CLANG_ENABLE_MODULES = YES;
				CLANG_ENABLE_OBJC_ARC = YES;
				CLANG_ENABLE_OBJC_WEAK = YES;
				CLANG_WARN_BLOCK_CAPTURE_AUTORELEASING = YES;
				CLANG_WARN_BOOL_CONVERSION = YES;
				CLANG_WARN_COMMA = YES;
				CLANG_WARN_CONSTANT_CONVERSION = YES;
				CLANG_WARN_DEPRECATED_OBJC_IMPLEMENTATIONS = YES;
				CLANG_WARN_DIRECT_OBJC_ISA_USAGE = YES_ERROR;
				CLANG_WARN_DOCUMENTATION_COMMENTS = YES;
				CLANG_WARN_EMPTY_BODY = YES;
				CLANG_WARN_ENUM_CONVERSION = YES;
				CLANG_WARN_INFINITE_RECURSION = YES;
				CLANG_WARN_INT_CONVERSION = YES;
				CLANG_WARN_NON_LITERAL_NULL_CONVERSION = YES;
				CLANG_WARN_OBJC_IMPLICIT_RETAIN_SELF = YES;
				CLANG_WARN_OBJC_LITERAL_CONVERSION = YES;
				CLANG_WARN_OBJC_ROOT_CLASS = YES_ERROR;
				CLANG_WARN_QUOTED_INCLUDE_IN_FRAMEWORK_HEADER = YES;
				CLANG_WARN_RANGE_LOOP_ANALYSIS = YES;
				CLANG_WARN_STRICT_PROTOTYPES = YES;
				CLANG_WARN_SUSPICIOUS_MOVE = YES;
				CLANG_WARN_UNGUARDED_AVAILABILITY = YES_AGGRESSIVE;
				CLANG_WARN_UNREACHABLE_CODE = YES;
				CLANG_WARN__DUPLICATE_METHOD_MATCH = YES;
				COPY_PHASE_STRIP = NO;
				DEBUG_INFORMATION_FORMAT = dwarf;
				ENABLE_STRICT_OBJC_MSGSEND = YES;
				ENABLE_TESTABILITY = YES;
				GCC_C_LANGUAGE_STANDARD = gnu11;
				GCC_DYNAMIC_NO_PIC = NO;
				GCC_NO_COMMON_BLOCKS = YES;
				GCC_OPTIMIZATION_LEVEL = 0;
				GCC_PREPROCESSOR_DEFINITIONS = (
					"DEBUG=1",
					"$(inherited)",
				);
				GCC_WARN_64_TO_32_BIT_CONVERSION = YES;
				GCC_WARN_ABOUT_RETURN_TYPE = YES_ERROR;
				GCC_WARN_UNDECLARED_SELECTOR = YES;
				GCC_WARN_UNINITIALIZED_AUTOS = YES_AGGRESSIVE;
				GCC_WARN_UNUSED_FUNCTION = YES;
				GCC_WARN_UNUSED_VARIABLE = YES;
				IPHONEOS_DEPLOYMENT_TARGET = 15.0;
				MTL_ENABLE_DEBUG_INFO = INCLUDE_SOURCE;
				MTL_FAST_MATH = YES;
				ONLY_ACTIVE_ARCH = YES;
				SDKROOT = iphoneos;
				SWIFT_ACTIVE_COMPILATION_CONDITIONS = DEBUG;
				SWIFT_OPTIMIZATION_LEVEL = "-Onone";
			};
			name = Debug;
		};
		9E351BA32720A7AF0005CC27 /* Release */ = {
			isa = XCBuildConfiguration;
			buildSettings = {
				ALWAYS_SEARCH_USER_PATHS = NO;
				CLANG_ANALYZER_NONNULL = YES;
				CLANG_ANALYZER_NUMBER_OBJECT_CONVERSION = YES_AGGRESSIVE;
				CLANG_CXX_LANGUAGE_STANDARD = "gnu++17";
				CLANG_CXX_LIBRARY = "libc++";
				CLANG_ENABLE_MODULES = YES;
				CLANG_ENABLE_OBJC_ARC = YES;
				CLANG_ENABLE_OBJC_WEAK = YES;
				CLANG_WARN_BLOCK_CAPTURE_AUTORELEASING = YES;
				CLANG_WARN_BOOL_CONVERSION = YES;
				CLANG_WARN_COMMA = YES;
				CLANG_WARN_CONSTANT_CONVERSION = YES;
				CLANG_WARN_DEPRECATED_OBJC_IMPLEMENTATIONS = YES;
				CLANG_WARN_DIRECT_OBJC_ISA_USAGE = YES_ERROR;
				CLANG_WARN_DOCUMENTATION_COMMENTS = YES;
				CLANG_WARN_EMPTY_BODY = YES;
				CLANG_WARN_ENUM_CONVERSION = YES;
				CLANG_WARN_INFINITE_RECURSION = YES;
				CLANG_WARN_INT_CONVERSION = YES;
				CLANG_WARN_NON_LITERAL_NULL_CONVERSION = YES;
				CLANG_WARN_OBJC_IMPLICIT_RETAIN_SELF = YES;
				CLANG_WARN_OBJC_LITERAL_CONVERSION = YES;
				CLANG_WARN_OBJC_ROOT_CLASS = YES_ERROR;
				CLANG_WARN_QUOTED_INCLUDE_IN_FRAMEWORK_HEADER = YES;
				CLANG_WARN_RANGE_LOOP_ANALYSIS = YES;
				CLANG_WARN_STRICT_PROTOTYPES = YES;
				CLANG_WARN_SUSPICIOUS_MOVE = YES;
				CLANG_WARN_UNGUARDED_AVAILABILITY = YES_AGGRESSIVE;
				CLANG_WARN_UNREACHABLE_CODE = YES;
				CLANG_WARN__DUPLICATE_METHOD_MATCH = YES;
				COPY_PHASE_STRIP = NO;
				DEBUG_INFORMATION_FORMAT = "dwarf-with-dsym";
				ENABLE_NS_ASSERTIONS = NO;
				ENABLE_STRICT_OBJC_MSGSEND = YES;
				GCC_C_LANGUAGE_STANDARD = gnu11;
				GCC_NO_COMMON_BLOCKS = YES;
				GCC_WARN_64_TO_32_BIT_CONVERSION = YES;
				GCC_WARN_ABOUT_RETURN_TYPE = YES_ERROR;
				GCC_WARN_UNDECLARED_SELECTOR = YES;
				GCC_WARN_UNINITIALIZED_AUTOS = YES_AGGRESSIVE;
				GCC_WARN_UNUSED_FUNCTION = YES;
				GCC_WARN_UNUSED_VARIABLE = YES;
				IPHONEOS_DEPLOYMENT_TARGET = 15.0;
				MTL_ENABLE_DEBUG_INFO = NO;
				MTL_FAST_MATH = YES;
				SDKROOT = iphoneos;
				SWIFT_COMPILATION_MODE = wholemodule;
				SWIFT_OPTIMIZATION_LEVEL = "-O";
				VALIDATE_PRODUCT = YES;
			};
			name = Release;
		};
		9E351BA52720A7AF0005CC27 /* Debug */ = {
			isa = XCBuildConfiguration;
			buildSettings = {
				ASSETCATALOG_COMPILER_APPICON_NAME = AppIcon;
				ASSETCATALOG_COMPILER_GLOBAL_ACCENT_COLOR_NAME = AccentColor;
				CODE_SIGN_STYLE = Automatic;
				CURRENT_PROJECT_VERSION = 1;
				DEVELOPMENT_TEAM = 599LRBUQ9S;
				GENERATE_INFOPLIST_FILE = YES;
				INFOPLIST_FILE = PokemonGo/Info.plist;
				INFOPLIST_KEY_CFBundleDisplayName = "Pokémon Go";
				INFOPLIST_KEY_LSApplicationCategoryType = "";
				INFOPLIST_KEY_NSLocationWhenInUseUsageDescription = "Necessário permitir acesso à sua localização para acesso ao jogo.";
				INFOPLIST_KEY_UIApplicationSupportsIndirectInputEvents = YES;
				INFOPLIST_KEY_UILaunchStoryboardName = LaunchScreen;
				INFOPLIST_KEY_UIMainStoryboardFile = Main;
				INFOPLIST_KEY_UIRequiredDeviceCapabilities = "armv7 gps location-services";
				INFOPLIST_KEY_UISupportedInterfaceOrientations_iPhone = "UIInterfaceOrientationPortrait UIInterfaceOrientationLandscapeLeft UIInterfaceOrientationLandscapeRight";
				LD_RUNPATH_SEARCH_PATHS = (
					"$(inherited)",
					"@executable_path/Frameworks",
				);
				MARKETING_VERSION = 1.0;
				PRODUCT_BUNDLE_IDENTIFIER = "Curso-IOS.PokemonGo";
				PRODUCT_NAME = "$(TARGET_NAME)";
				SWIFT_EMIT_LOC_STRINGS = YES;
				SWIFT_VERSION = 5.0;
				TARGETED_DEVICE_FAMILY = "1,2";
			};
			name = Debug;
		};
		9E351BA62720A7AF0005CC27 /* Release */ = {
			isa = XCBuildConfiguration;
			buildSettings = {
				ASSETCATALOG_COMPILER_APPICON_NAME = AppIcon;
				ASSETCATALOG_COMPILER_GLOBAL_ACCENT_COLOR_NAME = AccentColor;
				CODE_SIGN_STYLE = Automatic;
				CURRENT_PROJECT_VERSION = 1;
				DEVELOPMENT_TEAM = 599LRBUQ9S;
				GENERATE_INFOPLIST_FILE = YES;
				INFOPLIST_FILE = PokemonGo/Info.plist;
				INFOPLIST_KEY_CFBundleDisplayName = "Pokémon Go";
				INFOPLIST_KEY_LSApplicationCategoryType = "";
				INFOPLIST_KEY_NSLocationWhenInUseUsageDescription = "Necessário permitir acesso à sua localização para acesso ao jogo.";
				INFOPLIST_KEY_UIApplicationSupportsIndirectInputEvents = YES;
				INFOPLIST_KEY_UILaunchStoryboardName = LaunchScreen;
				INFOPLIST_KEY_UIMainStoryboardFile = Main;
				INFOPLIST_KEY_UIRequiredDeviceCapabilities = "armv7 gps location-services";
				INFOPLIST_KEY_UISupportedInterfaceOrientations_iPhone = "UIInterfaceOrientationPortrait UIInterfaceOrientationLandscapeLeft UIInterfaceOrientationLandscapeRight";
				LD_RUNPATH_SEARCH_PATHS = (
					"$(inherited)",
					"@executable_path/Frameworks",
				);
				MARKETING_VERSION = 1.0;
				PRODUCT_BUNDLE_IDENTIFIER = "Curso-IOS.PokemonGo";
				PRODUCT_NAME = "$(TARGET_NAME)";
				SWIFT_EMIT_LOC_STRINGS = YES;
				SWIFT_VERSION = 5.0;
				TARGETED_DEVICE_FAMILY = "1,2";
			};
			name = Release;
		};
/* End XCBuildConfiguration section */

/* Begin XCConfigurationList section */
		9E351B882720A7AE0005CC27 /* Build configuration list for PBXProject "PokemonGo" */ = {
			isa = XCConfigurationList;
			buildConfigurations = (
				9E351BA22720A7AF0005CC27 /* Debug */,
				9E351BA32720A7AF0005CC27 /* Release */,
			);
			defaultConfigurationIsVisible = 0;
			defaultConfigurationName = Release;
		};
		9E351BA42720A7AF0005CC27 /* Build configuration list for PBXNativeTarget "PokemonGo" */ = {
			isa = XCConfigurationList;
			buildConfigurations = (
				9E351BA52720A7AF0005CC27 /* Debug */,
				9E351BA62720A7AF0005CC27 /* Release */,
			);
			defaultConfigurationIsVisible = 0;
			defaultConfigurationName = Release;
		};
/* End XCConfigurationList section */

/* Begin XCVersionGroup section */
		9E351B992720A7AE0005CC27 /* PokemonGo.xcdatamodeld */ = {
			isa = XCVersionGroup;
			children = (
				9E351B9A2720A7AE0005CC27 /* PokemonGo.xcdatamodel */,
			);
			currentVersion = 9E351B9A2720A7AE0005CC27 /* PokemonGo.xcdatamodel */;
			path = PokemonGo.xcdatamodeld;
			sourceTree = "<group>";
			versionGroupType = wrapper.xcdatamodel;
		};
/* End XCVersionGroup section */
	};
	rootObject = 9E351B852720A7AE0005CC27 /* Project object */;
}
